
Microsoft Visual Studio Solution File, Format Version 12.00
# Visual Studio Version 17
VisualStudioVersion = 17.11.35327.3
MinimumVisualStudioVersion = 10.0.40219.1
Project("{FAE04EC0-301F-11D3-BF4B-00C04F79EFBC}") = "WebProje", "WebProje.csproj", "{1CC90D6D-2BF8-48ED-BFF0-8C5ECE93090F}"
EndProject
Global
	GlobalSection(SolutionConfigurationPlatforms) = preSolution
		Debug|Any CPU = Debug|Any CPU
		Release|Any CPU = Release|Any CPU
	EndGlobalSection
	GlobalSection(ProjectConfigurationPlatforms) = postSolution
		{1CC90D6D-2BF8-48ED-BFF0-8C5ECE93090F}.Debug|Any CPU.ActiveCfg = Debug|Any CPU
		{1CC90D6D-2BF8-48ED-BFF0-8C5ECE93090F}.Debug|Any CPU.Build.0 = Debug|Any CPU
		{1CC90D6D-2BF8-48ED-BFF0-8C5ECE93090F}.Release|Any CPU.ActiveCfg = Release|Any CPU
		{1CC90D6D-2BF8-48ED-BFF0-8C5ECE93090F}.Release|Any CPU.Build.0 = Release|Any CPU
	EndGlobalSection
	GlobalSection(SolutionProperties) = preSolution
		HideSolutionNode = FALSE
	EndGlobalSection
	GlobalSection(ExtensibilityGlobals) = postSolution
		SolutionGuid = {23D70CC3-767C-43AB-B860-1BBED59D9C5F}
	EndGlobalSection
EndGlobal
